{
  "version": 4,
  "terraform_version": "1.14.8",
  "serial": 30,
  "lineage": "cfbb5d06-0b14-5131-3b4d-759a1c9aa36c",
  "outputs": {
    "agent_instance_ids": {
      "value": {
        "linux-endpoint-01": "i-082d3e78e46f784fd",
        "vuln-target-01": "i-059dad8997c5d498c",
        "web-server-01": "i-0a4e89826765a53bb"
      },
      "type": [
        "object",
        {
          "linux-endpoint-01": "string",
          "vuln-target-01": "string",
          "web-server-01": "string"
        }
      ]
    },
    "agent_private_ips": {
      "value": {
        "linux-endpoint-01": "172.31.31.162",
        "vuln-target-01": "172.31.79.211",
        "web-server-01": "172.31.30.230"
      },
      "type": [
        "object",
        {
          "linux-endpoint-01": "string",
          "vuln-target-01": "string",
          "web-server-01": "string"
        }
      ]
    },
    "agent_public_ips": {
      "value": {
        "linux-endpoint-01": "3.91.190.31",
        "vuln-target-01": "34.238.192.89",
        "web-server-01": "98.93.133.164"
      },
      "type": [
        "object",
        {
          "linux-endpoint-01": "string",
          "vuln-target-01": "string",
          "web-server-01": "string"
        }
      ]
    },
    "security_group_id": {
      "value": "sg-0f11ac293b91ebfca",
      "type": "string"
    },
    "wazuh_groups_created": {
      "value": [
        "linux-endpoints",
        "vuln-lab",
        "web-servers"
      ],
      "type": [
        "list",
        "string"
      ]
    }
  },
  "resources": [
    {
      "mode": "data",
      "type": "aws_ami",
      "name": "ubuntu",
      "provider": "provider[\"registry.terraform.io/hashicorp/aws\"]",
      "instances": [
        {
          "schema_version": 0,
          "attributes": {
            "architecture": "x86_64",
            "arn": "arn:aws:ec2:us-east-1::image/ami-05e86b3611c60b0b4",
            "block_device_mappings": [
              {
                "device_name": "/dev/sda1",
                "ebs": {
                  "delete_on_termination": "true",
                  "encrypted": "false",
                  "iops": "0",
                  "snapshot_id": "snap-01223ecf29ec53147",
                  "throughput": "0",
                  "volume_initialization_rate": "0",
                  "volume_size": "8",
                  "volume_type": "gp2"
                },
                "no_device": "",
                "virtual_name": ""
              },
              {
                "device_name": "/dev/sdb",
                "ebs": {},
                "no_device": "",
                "virtual_name": "ephemeral0"
              },
              {
                "device_name": "/dev/sdc",
                "ebs": {},
                "no_device": "",
                "virtual_name": "ephemeral1"
              }
            ],
            "boot_mode": "uefi-preferred",
            "creation_date": "2026-04-10T07:03:00.000Z",
            "deprecation_time": "2028-04-10T07:03:00.000Z",
            "description": "Canonical, Ubuntu, 22.04, amd64 jammy image",
            "ena_support": true,
            "executable_users": null,
            "filter": [
              {
                "name": "name",
                "values": [
                  "ubuntu/images/hvm-ssd/ubuntu-jammy-22.04-amd64-server-*"
                ]
              },
              {
                "name": "virtualization-type",
                "values": [
                  "hvm"
                ]
              }
            ],
            "hypervisor": "xen",
            "id": "ami-05e86b3611c60b0b4",
            "image_id": "ami-05e86b3611c60b0b4",
            "image_location": "amazon/ubuntu/images/hvm-ssd/ubuntu-jammy-22.04-amd64-server-20260410",
            "image_owner_alias": "amazon",
            "image_type": "machine",
            "imds_support": "",
            "include_deprecated": false,
            "kernel_id": "",
            "last_launched_time": "",
            "most_recent": true,
            "name": "ubuntu/images/hvm-ssd/ubuntu-jammy-22.04-amd64-server-20260410",
            "name_regex": null,
            "owner_id": "099720109477",
            "owners": [
              "099720109477"
            ],
            "platform": "",
            "platform_details": "Linux/UNIX",
            "product_codes": [],
            "public": true,
            "ramdisk_id": "",
            "root_device_name": "/dev/sda1",
            "root_device_type": "ebs",
            "root_snapshot_id": "snap-01223ecf29ec53147",
            "sriov_net_support": "simple",
            "state": "available",
            "state_reason": {
              "code": "UNSET",
              "message": "UNSET"
            },
            "tags": {},
            "timeouts": null,
            "tpm_support": "",
            "uefi_data": null,
            "usage_operation": "RunInstances",
            "virtualization_type": "hvm"
          },
          "sensitive_attributes": [],
          "identity_schema_version": 0
        }
      ]
    },
    {
      "mode": "data",
      "type": "aws_vpc",
      "name": "default",
      "provider": "provider[\"registry.terraform.io/hashicorp/aws\"]",
      "instances": [
        {
          "schema_version": 0,
          "attributes": {
            "arn": "arn:aws:ec2:us-east-1:602569699510:vpc/vpc-0c21106537ffefe2e",
            "cidr_block": "172.31.0.0/16",
            "cidr_block_associations": [
              {
                "association_id": "vpc-cidr-assoc-056ecb01ebe7fd208",
                "cidr_block": "172.31.0.0/16",
                "state": "associated"
              }
            ],
            "default": true,
            "dhcp_options_id": "dopt-08fbd9cfb16738a0e",
            "enable_dns_hostnames": true,
            "enable_dns_support": true,
            "enable_network_address_usage_metrics": false,
            "filter": null,
            "id": "vpc-0c21106537ffefe2e",
            "instance_tenancy": "default",
            "ipv6_association_id": "",
            "ipv6_cidr_block": "",
            "main_route_table_id": "rtb-07432d4cf01da699e",
            "owner_id": "602569699510",
            "state": null,
            "tags": {},
            "timeouts": null
          },
          "sensitive_attributes": [],
          "identity_schema_version": 0
        }
      ]
    },
    {
      "mode": "managed",
      "type": "aws_iam_instance_profile",
      "name": "agent_profile",
      "provider": "provider[\"registry.terraform.io/hashicorp/aws\"]",
      "instances": [
        {
          "schema_version": 0,
          "attributes": {
            "arn": "arn:aws:iam::602569699510:instance-profile/lab-dev-wazuh-agent-profile",
            "create_date": "2026-04-11T18:46:46Z",
            "id": "lab-dev-wazuh-agent-profile",
            "name": "lab-dev-wazuh-agent-profile",
            "name_prefix": "",
            "path": "/",
            "role": "lab-dev-wazuh-agent-role",
            "tags": null,
            "tags_all": {},
            "unique_id": "AIPAYYS7T6C3P43PTPSXB"
          },
          "sensitive_attributes": [],
          "identity_schema_version": 0,
          "private": "bnVsbA==",
          "dependencies": [
            "aws_iam_role.agent_role"
          ]
        }
      ]
    },
    {
      "mode": "managed",
      "type": "aws_iam_role",
      "name": "agent_role",
      "provider": "provider[\"registry.terraform.io/hashicorp/aws\"]",
      "instances": [
        {
          "schema_version": 0,
          "attributes": {
            "arn": "arn:aws:iam::602569699510:role/lab-dev-wazuh-agent-role",
            "assume_role_policy": "{\"Statement\":[{\"Action\":\"sts:AssumeRole\",\"Effect\":\"Allow\",\"Principal\":{\"Service\":\"ec2.amazonaws.com\"}}],\"Version\":\"2012-10-17\"}",
            "create_date": "2026-04-11T18:46:45Z",
            "description": "",
            "force_detach_policies": false,
            "id": "lab-dev-wazuh-agent-role",
            "inline_policy": [],
            "managed_policy_arns": [],
            "max_session_duration": 3600,
            "name": "lab-dev-wazuh-agent-role",
            "name_prefix": "",
            "path": "/",
            "permissions_boundary": "",
            "tags": {
              "ManagedBy": "terraform"
            },
            "tags_all": {
              "ManagedBy": "terraform"
            },
            "unique_id": "AROAYYS7T6C3OXXZAFJJF"
          },
          "sensitive_attributes": [],
          "identity_schema_version": 0,
          "private": "bnVsbA=="
        }
      ]
    },
    {
      "mode": "managed",
      "type": "aws_iam_role_policy_attachment",
      "name": "ssm_policy",
      "provider": "provider[\"registry.terraform.io/hashicorp/aws\"]",
      "instances": [
        {
          "schema_version": 0,
          "attributes": {
            "id": "lab-dev-wazuh-agent-role-20260411184645083000000001",
            "policy_arn": "arn:aws:iam::aws:policy/AmazonSSMManagedInstanceCore",
            "role": "lab-dev-wazuh-agent-role"
          },
          "sensitive_attributes": [],
          "identity_schema_version": 0,
          "private": "bnVsbA==",
          "dependencies": [
            "aws_iam_role.agent_role"
          ]
        }
      ]
    },
    {
      "mode": "managed",
      "type": "aws_instance",
      "name": "wazuh_agent",
      "provider": "provider[\"registry.terraform.io/hashicorp/aws\"]",
      "instances": [
        {
          "index_key": "linux-endpoint-01",
          "schema_version": 1,
          "attributes": {
            "ami": "ami-05e86b3611c60b0b4",
            "arn": "arn:aws:ec2:us-east-1:602569699510:instance/i-06a2db09834434c10",
            "associate_public_ip_address": true,
            "availability_zone": "us-east-1c",
            "capacity_reservation_specification": [
              {
                "capacity_reservation_preference": "open",
                "capacity_reservation_target": []
              }
            ],
            "cpu_core_count": 1,
            "cpu_options": [
              {
                "amd_sev_snp": "",
                "core_count": 1,
                "threads_per_core": 2
              }
            ],
            "cpu_threads_per_core": 2,
            "credit_specification": [
              {
                "cpu_credits": "unlimited"
              }
            ],
            "disable_api_stop": false,
            "disable_api_termination": false,
            "ebs_block_device": [],
            "ebs_optimized": false,
            "enable_primary_ipv6": null,
            "enclave_options": [
              {
                "enabled": false
              }
            ],
            "ephemeral_block_device": [],
            "get_password_data": false,
            "hibernation": false,
            "host_id": "",
            "host_resource_group_arn": null,
            "iam_instance_profile": "lab-dev-wazuh-agent-profile",
            "id": "i-06a2db09834434c10",
            "instance_initiated_shutdown_behavior": "stop",
            "instance_lifecycle": "",
            "instance_market_options": [],
            "instance_state": "running",
            "instance_type": "t3.micro",
            "ipv6_address_count": 0,
            "ipv6_addresses": [],
            "key_name": "",
            "launch_template": [],
            "maintenance_options": [
              {
                "auto_recovery": "default"
              }
            ],
            "metadata_options": [
              {
                "http_endpoint": "enabled",
                "http_protocol_ipv6": "disabled",
                "http_put_response_hop_limit": 1,
                "http_tokens": "required",
                "instance_metadata_tags": "disabled"
              }
            ],
            "monitoring": false,
            "network_interface": [],
            "outpost_arn": "",
            "password_data": "",
            "placement_group": "",
            "placement_partition_number": 0,
            "primary_network_interface_id": "eni-0b20ce2fbf06ca816",
            "private_dns": "ip-172-31-29-174.ec2.internal",
            "private_dns_name_options": [
              {
                "enable_resource_name_dns_a_record": false,
                "enable_resource_name_dns_aaaa_record": false,
                "hostname_type": "ip-name"
              }
            ],
            "private_ip": "172.31.29.174",
            "public_dns": "ec2-98-89-25-35.compute-1.amazonaws.com",
            "public_ip": "98.89.25.35",
            "root_block_device": [
              {
                "delete_on_termination": true,
                "device_name": "/dev/sda1",
                "encrypted": true,
                "iops": 3000,
                "kms_key_id": "arn:aws:kms:us-east-1:602569699510:key/45e46198-bc08-4fac-ad49-d23b00058c04",
                "tags": null,
                "tags_all": {},
                "throughput": 125,
                "volume_id": "vol-0ddd143a1aae08d30",
                "volume_size": 20,
                "volume_type": "gp3"
              }
            ],
            "secondary_private_ips": [],
            "security_groups": [
              "lab-dev-wazuh-agent-sg"
            ],
            "source_dest_check": true,
            "spot_instance_request_id": "",
            "subnet_id": "subnet-0b1f54d3c430a76dd",
            "tags": {
              "Environment": "lab-dev",
              "ManagedBy": "terraform",
              "Name": "lab-dev-linux-endpoint-01",
              "WazuhGroup": "linux-endpoints"
            },
            "tags_all": {
              "Environment": "lab-dev",
              "ManagedBy": "terraform",
              "Name": "lab-dev-linux-endpoint-01",
              "WazuhGroup": "linux-endpoints"
            },
            "tenancy": "default",
            "timeouts": null,
            "user_data": "c8ce7c6e32cf9c76d834fe0f6552391a790e9bb3",
            "user_data_base64": null,
            "user_data_replace_on_change": false,
            "volume_tags": null,
            "vpc_security_group_ids": [
              "sg-0f11ac293b91ebfca"
            ]
          },
          "sensitive_attributes": [
            [
              {
                "type": "get_attr",
                "value": "user_data"
              }
            ]
          ],
          "identity_schema_version": 0,
          "private": "eyJlMmJmYjczMC1lY2FhLTExZTYtOGY4OC0zNDM2M2JjN2M0YzAiOnsiY3JlYXRlIjo2MDAwMDAwMDAwMDAsImRlbGV0ZSI6MTIwMDAwMDAwMDAwMCwicmVhZCI6OTAwMDAwMDAwMDAwLCJ1cGRhdGUiOjYwMDAwMDAwMDAwMH0sInNjaGVtYV92ZXJzaW9uIjoiMSJ9",
          "dependencies": [
            "aws_iam_instance_profile.agent_profile",
            "aws_iam_role.agent_role",
            "aws_security_group.wazuh_agent",
            "data.aws_ami.ubuntu",
            "data.aws_vpc.default"
          ]
        },
        {
          "index_key": "web-server-01",
          "schema_version": 1,
          "attributes": {
            "ami": "ami-05e86b3611c60b0b4",
            "arn": "arn:aws:ec2:us-east-1:602569699510:instance/i-06575defff6011379",
            "associate_public_ip_address": true,
            "availability_zone": "us-east-1c",
            "capacity_reservation_specification": [
              {
                "capacity_reservation_preference": "open",
                "capacity_reservation_target": []
              }
            ],
            "cpu_core_count": 1,
            "cpu_options": [
              {
                "amd_sev_snp": "",
                "core_count": 1,
                "threads_per_core": 2
              }
            ],
            "cpu_threads_per_core": 2,
            "credit_specification": [
              {
                "cpu_credits": "unlimited"
              }
            ],
            "disable_api_stop": false,
            "disable_api_termination": false,
            "ebs_block_device": [],
            "ebs_optimized": false,
            "enable_primary_ipv6": null,
            "enclave_options": [
              {
                "enabled": false
              }
            ],
            "ephemeral_block_device": [],
            "get_password_data": false,
            "hibernation": false,
            "host_id": "",
            "host_resource_group_arn": null,
            "iam_instance_profile": "lab-dev-wazuh-agent-profile",
            "id": "i-06575defff6011379",
            "instance_initiated_shutdown_behavior": "stop",
            "instance_lifecycle": "",
            "instance_market_options": [],
            "instance_state": "running",
            "instance_type": "t3.micro",
            "ipv6_address_count": 0,
            "ipv6_addresses": [],
            "key_name": "",
            "launch_template": [],
            "maintenance_options": [
              {
                "auto_recovery": "default"
              }
            ],
            "metadata_options": [
              {
                "http_endpoint": "enabled",
                "http_protocol_ipv6": "disabled",
                "http_put_response_hop_limit": 1,
                "http_tokens": "required",
                "instance_metadata_tags": "disabled"
              }
            ],
            "monitoring": false,
            "network_interface": [],
            "outpost_arn": "",
            "password_data": "",
            "placement_group": "",
            "placement_partition_number": 0,
            "primary_network_interface_id": "eni-06ac4de4909ea3e54",
            "private_dns": "ip-172-31-26-203.ec2.internal",
            "private_dns_name_options": [
              {
                "enable_resource_name_dns_a_record": false,
                "enable_resource_name_dns_aaaa_record": false,
                "hostname_type": "ip-name"
              }
            ],
            "private_ip": "172.31.26.203",
            "public_dns": "ec2-13-218-83-178.compute-1.amazonaws.com",
            "public_ip": "13.218.83.178",
            "root_block_device": [
              {
                "delete_on_termination": true,
                "device_name": "/dev/sda1",
                "encrypted": true,
                "iops": 3000,
                "kms_key_id": "arn:aws:kms:us-east-1:602569699510:key/45e46198-bc08-4fac-ad49-d23b00058c04",
                "tags": null,
                "tags_all": {},
                "throughput": 125,
                "volume_id": "vol-0338619970acf6304",
                "volume_size": 20,
                "volume_type": "gp3"
              }
            ],
            "secondary_private_ips": [],
            "security_groups": [
              "lab-dev-wazuh-agent-sg"
            ],
            "source_dest_check": true,
            "spot_instance_request_id": "",
            "subnet_id": "subnet-0b1f54d3c430a76dd",
            "tags": {
              "Environment": "lab-dev",
              "ManagedBy": "terraform",
              "Name": "lab-dev-web-server-01",
              "WazuhGroup": "web-servers"
            },
            "tags_all": {
              "Environment": "lab-dev",
              "ManagedBy": "terraform",
              "Name": "lab-dev-web-server-01",
              "WazuhGroup": "web-servers"
            },
            "tenancy": "default",
            "timeouts": null,
            "user_data": "90abc8684777aaf1cb37b928d40a789fb460aeb7",
            "user_data_base64": null,
            "user_data_replace_on_change": false,
            "volume_tags": null,
            "vpc_security_group_ids": [
              "sg-0f11ac293b91ebfca"
            ]
          },
          "sensitive_attributes": [
            [
              {
                "type": "get_attr",
                "value": "user_data"
              }
            ]
          ],
          "identity_schema_version": 0,
          "private": "eyJlMmJmYjczMC1lY2FhLTExZTYtOGY4OC0zNDM2M2JjN2M0YzAiOnsiY3JlYXRlIjo2MDAwMDAwMDAwMDAsImRlbGV0ZSI6MTIwMDAwMDAwMDAwMCwicmVhZCI6OTAwMDAwMDAwMDAwLCJ1cGRhdGUiOjYwMDAwMDAwMDAwMH0sInNjaGVtYV92ZXJzaW9uIjoiMSJ9",
          "dependencies": [
            "aws_iam_instance_profile.agent_profile",
            "aws_iam_role.agent_role",
            "aws_security_group.wazuh_agent",
            "data.aws_ami.ubuntu",
            "data.aws_vpc.default"
          ]
        }
      ]
    },
    {
      "mode": "managed",
      "type": "aws_security_group",
      "name": "wazuh_agent",
      "provider": "provider[\"registry.terraform.io/hashicorp/aws\"]",
      "instances": [
        {
          "schema_version": 1,
          "attributes": {
            "arn": "arn:aws:ec2:us-east-1:602569699510:security-group/sg-0f11ac293b91ebfca",
            "description": "Security group for Wazuh agent nodes",
            "egress": [
              {
                "cidr_blocks": [
                  "0.0.0.0/0"
                ],
                "description": "",
                "from_port": 0,
                "ipv6_cidr_blocks": [],
                "prefix_list_ids": [],
                "protocol": "-1",
                "security_groups": [],
                "self": false,
                "to_port": 0
              }
            ],
            "id": "sg-0f11ac293b91ebfca",
            "ingress": [],
            "name": "lab-dev-wazuh-agent-sg",
            "name_prefix": "",
            "owner_id": "602569699510",
            "revoke_rules_on_delete": false,
            "tags": {
              "Environment": "lab-dev",
              "ManagedBy": "terraform",
              "Name": "lab-dev-wazuh-agent-sg"
            },
            "tags_all": {
              "Environment": "lab-dev",
              "ManagedBy": "terraform",
              "Name": "lab-dev-wazuh-agent-sg"
            },
            "timeouts": null,
            "vpc_id": "vpc-0c21106537ffefe2e"
          },
          "sensitive_attributes": [],
          "identity_schema_version": 0,
          "private": "eyJlMmJmYjczMC1lY2FhLTExZTYtOGY4OC0zNDM2M2JjN2M0YzAiOnsiY3JlYXRlIjo2MDAwMDAwMDAwMDAsImRlbGV0ZSI6OTAwMDAwMDAwMDAwfSwic2NoZW1hX3ZlcnNpb24iOiIxIn0=",
          "dependencies": [
            "data.aws_vpc.default"
          ]
        }
      ]
    },
    {
      "mode": "managed",
      "type": "null_resource",
      "name": "create_wazuh_groups",
      "provider": "provider[\"registry.terraform.io/hashicorp/null\"]",
      "instances": [
        {
          "index_key": "linux-endpoints",
          "status": "tainted",
          "schema_version": 0,
          "attributes": {
            "id": "2926152715733642093",
            "triggers": {
              "group_name": "linux-endpoints"
            }
          },
          "sensitive_attributes": [],
          "identity_schema_version": 0
        },
        {
          "index_key": "vuln-lab",
          "status": "tainted",
          "schema_version": 0,
          "attributes": {
            "id": "3176087984869558367",
            "triggers": {
              "group_name": "vuln-lab"
            }
          },
          "sensitive_attributes": [],
          "identity_schema_version": 0
        },
        {
          "index_key": "web-servers",
          "status": "tainted",
          "schema_version": 0,
          "attributes": {
            "id": "3387769151981005654",
            "triggers": {
              "group_name": "web-servers"
            }
          },
          "sensitive_attributes": [],
          "identity_schema_version": 0
        }
      ]
    }
  ],
  "check_results": null
}
